
Microsoft Visual Studio Solution File, Format Version 12.00
# Visual Studio Version 16
VisualStudioVersion = 16.0.31025.194
MinimumVisualStudioVersion = 10.0.40219.1
Project("{9A19103F-16F7-4668-BE54-9A1E7A4F7556}") = "HamsterDayCare.Data", "HamsterDayCare.Data\HamsterDayCare.Data.csproj", "{CBE7E479-7B8E-46C2-A5F0-D7C95DAD99C1}"
EndProject
Project("{9A19103F-16F7-4668-BE54-9A1E7A4F7556}") = "HamsterDayCare.Domain", "HamsterDayCare.Domain\HamsterDayCare.Domain.csproj", "{1D4191B1-A194-4392-9C21-A8A9A275DDC9}"
EndProject
Project("{9A19103F-16F7-4668-BE54-9A1E7A4F7556}") = "UIWindows", "UIWindows\UIWindows.csproj", "{ECD9F64B-534C-4E99-8948-5C513A385892}"
EndProject
Global
	GlobalSection(SolutionConfigurationPlatforms) = preSolution
		Debug|Any CPU = Debug|Any CPU
		Release|Any CPU = Release|Any CPU
	EndGlobalSection
	GlobalSection(ProjectConfigurationPlatforms) = postSolution
		{CBE7E479-7B8E-46C2-A5F0-D7C95DAD99C1}.Debug|Any CPU.ActiveCfg = Debug|Any CPU
		{CBE7E479-7B8E-46C2-A5F0-D7C95DAD99C1}.Debug|Any CPU.Build.0 = Debug|Any CPU
		{CBE7E479-7B8E-46C2-A5F0-D7C95DAD99C1}.Release|Any CPU.ActiveCfg = Release|Any CPU
		{CBE7E479-7B8E-46C2-A5F0-D7C95DAD99C1}.Release|Any CPU.Build.0 = Release|Any CPU
		{1D4191B1-A194-4392-9C21-A8A9A275DDC9}.Debug|Any CPU.ActiveCfg = Debug|Any CPU
		{1D4191B1-A194-4392-9C21-A8A9A275DDC9}.Debug|Any CPU.Build.0 = Debug|Any CPU
		{1D4191B1-A194-4392-9C21-A8A9A275DDC9}.Release|Any CPU.ActiveCfg = Release|Any CPU
		{1D4191B1-A194-4392-9C21-A8A9A275DDC9}.Release|Any CPU.Build.0 = Release|Any CPU
		{ECD9F64B-534C-4E99-8948-5C513A385892}.Debug|Any CPU.ActiveCfg = Debug|Any CPU
		{ECD9F64B-534C-4E99-8948-5C513A385892}.Debug|Any CPU.Build.0 = Debug|Any CPU
		{ECD9F64B-534C-4E99-8948-5C513A385892}.Release|Any CPU.ActiveCfg = Release|Any CPU
		{ECD9F64B-534C-4E99-8948-5C513A385892}.Release|Any CPU.Build.0 = Release|Any CPU
	EndGlobalSection
	GlobalSection(SolutionProperties) = preSolution
		HideSolutionNode = FALSE
	EndGlobalSection
	GlobalSection(ExtensibilityGlobals) = postSolution
		SolutionGuid = {2341449F-5DD3-476A-99CD-48BF8F171917}
	EndGlobalSection
EndGlobal
